
Microsoft Visual Studio Solution File, Format Version 12.00
# Visual Studio Version 17
VisualStudioVersion = 17.12.35707.178
MinimumVisualStudioVersion = 10.0.40219.1
Project("{FAE04EC0-301F-11D3-BF4B-00C04F79EFBC}") = "cli-bot", "cli-bot.csproj", "{D330C0A9-46D0-41D5-88F6-25D4AC5DF56E}"
EndProject
Project("{FAE04EC0-301F-11D3-BF4B-00C04F79EFBC}") = "rise_quotes", "bots\rise_quotes\rise_quotes.csproj", "{16D083DE-DC1F-4939-B4D9-E7DF79654D5E}"
EndProject
Project("{FAE04EC0-301F-11D3-BF4B-00C04F79EFBC}") = "hourlynatsuki", "bots\hourlynatsuki\hourlynatsuki.csproj", "{0A2BE23A-8FD9-4C20-9486-2D0193A56D19}"
	ProjectSection(ProjectDependencies) = postProject
		{D330C0A9-46D0-41D5-88F6-25D4AC5DF56E} = {D330C0A9-46D0-41D5-88F6-25D4AC5DF56E}
	EndProjectSection
EndProject
Project("{FAE04EC0-301F-11D3-BF4B-00C04F79EFBC}") = "adachireaction", "bots\adachireaction\adachireaction.csproj", "{99C2AC4E-4238-4D82-89F8-A34D5A0B677C}"
	ProjectSection(ProjectDependencies) = postProject
		{D330C0A9-46D0-41D5-88F6-25D4AC5DF56E} = {D330C0A9-46D0-41D5-88F6-25D4AC5DF56E}
	EndProjectSection
EndProject
Project("{FAE04EC0-301F-11D3-BF4B-00C04F79EFBC}") = "blackballs", "bots\blackballs\blackballs.csproj", "{C157BCCF-AADE-42B1-AFE9-480A334E678C}"
	ProjectSection(ProjectDependencies) = postProject
		{D330C0A9-46D0-41D5-88F6-25D4AC5DF56E} = {D330C0A9-46D0-41D5-88F6-25D4AC5DF56E}
	EndProjectSection
EndProject
Global
	GlobalSection(SolutionConfigurationPlatforms) = preSolution
		Debug|Any CPU = Debug|Any CPU
		Release|Any CPU = Release|Any CPU
	EndGlobalSection
	GlobalSection(ProjectConfigurationPlatforms) = postSolution
		{D330C0A9-46D0-41D5-88F6-25D4AC5DF56E}.Debug|Any CPU.ActiveCfg = Debug|Any CPU
		{D330C0A9-46D0-41D5-88F6-25D4AC5DF56E}.Debug|Any CPU.Build.0 = Debug|Any CPU
		{D330C0A9-46D0-41D5-88F6-25D4AC5DF56E}.Release|Any CPU.ActiveCfg = Release|Any CPU
		{D330C0A9-46D0-41D5-88F6-25D4AC5DF56E}.Release|Any CPU.Build.0 = Release|Any CPU
		{16D083DE-DC1F-4939-B4D9-E7DF79654D5E}.Debug|Any CPU.ActiveCfg = Debug|Any CPU
		{16D083DE-DC1F-4939-B4D9-E7DF79654D5E}.Debug|Any CPU.Build.0 = Debug|Any CPU
		{16D083DE-DC1F-4939-B4D9-E7DF79654D5E}.Release|Any CPU.ActiveCfg = Release|Any CPU
		{16D083DE-DC1F-4939-B4D9-E7DF79654D5E}.Release|Any CPU.Build.0 = Release|Any CPU
		{0A2BE23A-8FD9-4C20-9486-2D0193A56D19}.Debug|Any CPU.ActiveCfg = Debug|Any CPU
		{0A2BE23A-8FD9-4C20-9486-2D0193A56D19}.Debug|Any CPU.Build.0 = Debug|Any CPU
		{0A2BE23A-8FD9-4C20-9486-2D0193A56D19}.Release|Any CPU.ActiveCfg = Release|Any CPU
		{0A2BE23A-8FD9-4C20-9486-2D0193A56D19}.Release|Any CPU.Build.0 = Release|Any CPU
		{99C2AC4E-4238-4D82-89F8-A34D5A0B677C}.Debug|Any CPU.ActiveCfg = Debug|Any CPU
		{99C2AC4E-4238-4D82-89F8-A34D5A0B677C}.Debug|Any CPU.Build.0 = Debug|Any CPU
		{99C2AC4E-4238-4D82-89F8-A34D5A0B677C}.Release|Any CPU.ActiveCfg = Release|Any CPU
		{99C2AC4E-4238-4D82-89F8-A34D5A0B677C}.Release|Any CPU.Build.0 = Release|Any CPU
		{C157BCCF-AADE-42B1-AFE9-480A334E678C}.Debug|Any CPU.ActiveCfg = Debug|Any CPU
		{C157BCCF-AADE-42B1-AFE9-480A334E678C}.Debug|Any CPU.Build.0 = Debug|Any CPU
		{C157BCCF-AADE-42B1-AFE9-480A334E678C}.Release|Any CPU.ActiveCfg = Release|Any CPU
		{C157BCCF-AADE-42B1-AFE9-480A334E678C}.Release|Any CPU.Build.0 = Release|Any CPU
	EndGlobalSection
	GlobalSection(SolutionProperties) = preSolution
		HideSolutionNode = FALSE
	EndGlobalSection
EndGlobal
