
Microsoft Visual Studio Solution File, Format Version 12.00
# Visual Studio Version 17
VisualStudioVersion = 17.12.35707.178 d17.12
MinimumVisualStudioVersion = 10.0.40219.1
Project("{FAE04EC0-301F-11D3-BF4B-00C04F79EFBC}") = "cli-bot", "cli-bot.csproj", "{D330C0A9-46D0-41D5-88F6-25D4AC5DF56E}"
EndProject
Project("{FAE04EC0-301F-11D3-BF4B-00C04F79EFBC}") = "rise_quotes", "bots\rise_quotes\rise_quotes.csproj", "{16D083DE-DC1F-4939-B4D9-E7DF79654D5E}"
EndProject
Global
	GlobalSection(SolutionConfigurationPlatforms) = preSolution
		Debug|Any CPU = Debug|Any CPU
		Release|Any CPU = Release|Any CPU
	EndGlobalSection
	GlobalSection(ProjectConfigurationPlatforms) = postSolution
		{D330C0A9-46D0-41D5-88F6-25D4AC5DF56E}.Debug|Any CPU.ActiveCfg = Debug|Any CPU
		{D330C0A9-46D0-41D5-88F6-25D4AC5DF56E}.Debug|Any CPU.Build.0 = Debug|Any CPU
		{D330C0A9-46D0-41D5-88F6-25D4AC5DF56E}.Release|Any CPU.ActiveCfg = Release|Any CPU
		{D330C0A9-46D0-41D5-88F6-25D4AC5DF56E}.Release|Any CPU.Build.0 = Release|Any CPU
		{16D083DE-DC1F-4939-B4D9-E7DF79654D5E}.Debug|Any CPU.ActiveCfg = Debug|Any CPU
		{16D083DE-DC1F-4939-B4D9-E7DF79654D5E}.Debug|Any CPU.Build.0 = Debug|Any CPU
		{16D083DE-DC1F-4939-B4D9-E7DF79654D5E}.Release|Any CPU.ActiveCfg = Release|Any CPU
		{16D083DE-DC1F-4939-B4D9-E7DF79654D5E}.Release|Any CPU.Build.0 = Release|Any CPU
	EndGlobalSection
	GlobalSection(SolutionProperties) = preSolution
		HideSolutionNode = FALSE
	EndGlobalSection
EndGlobal
